{
  "name": "rsource-utils",
  "version": "0.0.16",
  "lockfileVersion": 2,
  "requires": true,
  "packages": {
    "": {
      "name": "rsource-utils",
      "version": "0.0.16",
      "license": "AFL-3.0",
      "dependencies": {
        "chalk": "^4.1.2",
        "ts-results": "^3.3.0"
      },
      "peerDependencies": {
        "detritus-client": "^0.16.3",
        "typescript": "^4.5.4"
      }
    },
    "node_modules/@types/node": {
      "version": "14.18.0",
      "resolved": "https://registry.npmjs.org/@types/node/-/node-14.18.0.tgz",
      "integrity": "sha512-0GeIl2kmVMXEnx8tg1SlG6Gg8vkqirrW752KqolYo1PHevhhZN3bhJ67qHj+bQaINhX0Ra3TlWwRvMCd9iEfNQ==",
      "peer": true
    },
    "node_modules/@types/node-fetch": {
      "version": "2.5.12",
      "resolved": "https://registry.npmjs.org/@types/node-fetch/-/node-fetch-2.5.12.tgz",
      "integrity": "sha512-MKgC4dlq4kKNa/mYrwpKfzQMB5X3ee5U6fSprkKpToBqBmX4nFZL9cW5jl6sWn+xpRJ7ypWh2yyqqr8UUCstSw==",
      "peer": true,
      "dependencies": {
        "@types/node": "*",
        "form-data": "^3.0.0"
      }
    },
    "node_modules/ansi-styles": {
      "version": "4.3.0",
      "resolved": "https://registry.npmjs.org/ansi-styles/-/ansi-styles-4.3.0.tgz",
      "integrity": "sha512-zbB9rCJAT1rbjiVDb2hqKFHNYLxgtk8NURxZ3IZwD3F6NtxbXZQCnnSi1Lkx+IDohdPlFp222wVALIheZJQSEg==",
      "dependencies": {
        "color-convert": "^2.0.1"
      },
      "engines": {
        "node": ">=8"
      },
      "funding": {
        "url": "https://github.com/chalk/ansi-styles?sponsor=1"
      }
    },
    "node_modules/asynckit": {
      "version": "0.4.0",
      "resolved": "https://registry.npmjs.org/asynckit/-/asynckit-0.4.0.tgz",
      "integrity": "sha1-x57Zf380y48robyXkLzDZkdLS3k=",
      "peer": true
    },
    "node_modules/chalk": {
      "version": "4.1.2",
      "resolved": "https://registry.npmjs.org/chalk/-/chalk-4.1.2.tgz",
      "integrity": "sha512-oKnbhFyRIXpUuez8iBMmyEa4nbj4IOQyuhc/wy9kY7/WVPcwIO9VA668Pu8RkO7+0G76SLROeyw9CpQ061i4mA==",
      "dependencies": {
        "ansi-styles": "^4.1.0",
        "supports-color": "^7.1.0"
      },
      "engines": {
        "node": ">=10"
      },
      "funding": {
        "url": "https://github.com/chalk/chalk?sponsor=1"
      }
    },
    "node_modules/color-convert": {
      "version": "2.0.1",
      "resolved": "https://registry.npmjs.org/color-convert/-/color-convert-2.0.1.tgz",
      "integrity": "sha512-RRECPsj7iu/xb5oKYcsFHSppFNnsj/52OVTRKb4zP5onXwVF3zVmmToNcOfGC+CRDpfK/U584fMg38ZHCaElKQ==",
      "dependencies": {
        "color-name": "~1.1.4"
      },
      "engines": {
        "node": ">=7.0.0"
      }
    },
    "node_modules/color-name": {
      "version": "1.1.4",
      "resolved": "https://registry.npmjs.org/color-name/-/color-name-1.1.4.tgz",
      "integrity": "sha512-dOy+3AuW3a2wNbZHIuMZpTcgjGuLU/uBL/ubcZF9OXbDo8ff4O8yVp5Bf0efS8uEoYo5q4Fx7dY9OgQGXgAsQA=="
    },
    "node_modules/combined-stream": {
      "version": "1.0.8",
      "resolved": "https://registry.npmjs.org/combined-stream/-/combined-stream-1.0.8.tgz",
      "integrity": "sha512-FQN4MRfuJeHf7cBbBMJFXhKSDq+2kAArBlmRBvcvFE5BB1HZKXtSFASDhdlz9zOYwxh8lDdnvmMOe/+5cdoEdg==",
      "peer": true,
      "dependencies": {
        "delayed-stream": "~1.0.0"
      },
      "engines": {
        "node": ">= 0.8"
      }
    },
    "node_modules/delayed-stream": {
      "version": "1.0.0",
      "resolved": "https://registry.npmjs.org/delayed-stream/-/delayed-stream-1.0.0.tgz",
      "integrity": "sha1-3zrhmayt+31ECqrgsp4icrJOxhk=",
      "peer": true,
      "engines": {
        "node": ">=0.4.0"
      }
    },
    "node_modules/detritus-client": {
      "version": "0.16.3",
      "resolved": "https://registry.npmjs.org/detritus-client/-/detritus-client-0.16.3.tgz",
      "integrity": "sha512-+hwMunnPEvJOazhTFS6BJd25nv3sreLagDhlclPDzwkdwkK++svyiKCnZcEHnhmlSNTjzYcdHL9X7G2d7dOxaA==",
      "peer": true,
      "dependencies": {
        "@types/node": "^14.17.2",
        "@types/node-fetch": "^2.5.10",
        "detritus-client-rest": "^0.10.5-beta.1",
        "detritus-client-socket": "^0.8.3-beta.0",
        "detritus-utils": "^0.4.0"
      },
      "peerDependencies": {
        "@discordjs/opus": "^0.4.0",
        "node-opus": "^0.3.3",
        "opusscript": "^0.0.7"
      },
      "peerDependenciesMeta": {
        "@discordjs/opus": {
          "optional": true
        },
        "node-opus": {
          "optional": true
        },
        "opusscript": {
          "optional": true
        }
      }
    },
    "node_modules/detritus-client-rest": {
      "version": "0.10.5",
      "resolved": "https://registry.npmjs.org/detritus-client-rest/-/detritus-client-rest-0.10.5.tgz",
      "integrity": "sha512-N5Bx2/Cru6OxwEqACtm4QghAQb/USa7a4OrrxGYQtgJch7/Rey739FdDBUWJexxfRUGG07IZSZmfiaiI5Tidjw==",
      "peer": true,
      "dependencies": {
        "detritus-rest": "^0.7.0",
        "detritus-utils": "^0.4.0"
      }
    },
    "node_modules/detritus-client-socket": {
      "version": "0.8.3",
      "resolved": "https://registry.npmjs.org/detritus-client-socket/-/detritus-client-socket-0.8.3.tgz",
      "integrity": "sha512-gMMD5Xo14A69wGxmpAwdQsh5TFaxpjq7LRC6cTWAvs+p34dSiKrU7sBnS+8IsnQt8uvjradhAxKqGkJK2xo6Jg==",
      "peer": true,
      "dependencies": {
        "@types/node": "^14.17.1",
        "detritus-utils": "^0.4.0",
        "ws": "^7.4.6"
      },
      "peerDependencies": {
        "erlpack": "^0.1.3",
        "libsodium-wrappers": "^0.7.8",
        "pako": "^1.0.11",
        "sodium": "^3.0.2",
        "tweetnacl": "^1.0.3",
        "uws": "10.148.1"
      },
      "peerDependenciesMeta": {
        "erlpack": {
          "optional": true
        },
        "libsodium-wrappers": {
          "optional": true
        },
        "pako": {
          "optional": true
        },
        "sodium": {
          "optional": true
        },
        "tweetnacl": {
          "optional": true
        },
        "uws": {
          "optional": true
        }
      }
    },
    "node_modules/detritus-rest": {
      "version": "0.7.0",
      "resolved": "https://registry.npmjs.org/detritus-rest/-/detritus-rest-0.7.0.tgz",
      "integrity": "sha512-T5FNXpyv5F69ZXEz6z8mWo5yiz7Mhrg+HQsZumih/uDeqf3+1AvZgNI4XLscG1D56F0o5DSyXkoOxDgd2oeTgA==",
      "peer": true,
      "dependencies": {
        "form-data": "^3.0.0",
        "node-fetch": "^2.6.1"
      }
    },
    "node_modules/detritus-utils": {
      "version": "0.4.0",
      "resolved": "https://registry.npmjs.org/detritus-utils/-/detritus-utils-0.4.0.tgz",
      "integrity": "sha512-XO9crk1eCOecajzOg4WMsvcgXV/3GAltV0nt+kXXmglwcKyh/5DpQ7jmQ/2HycEN0dGBdgLCLPzYMxrWPN9gpw==",
      "peer": true,
      "peerDependencies": {
        "eventemitter3": "^4.0.7"
      },
      "peerDependenciesMeta": {
        "eventemitter3": {
          "optional": true
        }
      }
    },
    "node_modules/form-data": {
      "version": "3.0.1",
      "resolved": "https://registry.npmjs.org/form-data/-/form-data-3.0.1.tgz",
      "integrity": "sha512-RHkBKtLWUVwd7SqRIvCZMEvAMoGUp0XU+seQiZejj0COz3RI3hWP4sCv3gZWWLjJTd7rGwcsF5eKZGii0r/hbg==",
      "peer": true,
      "dependencies": {
        "asynckit": "^0.4.0",
        "combined-stream": "^1.0.8",
        "mime-types": "^2.1.12"
      },
      "engines": {
        "node": ">= 6"
      }
    },
    "node_modules/has-flag": {
      "version": "4.0.0",
      "resolved": "https://registry.npmjs.org/has-flag/-/has-flag-4.0.0.tgz",
      "integrity": "sha512-EykJT/Q1KjTWctppgIAgfSO0tKVuZUjhgMr17kqTumMl6Afv3EISleU7qZUzoXDFTAHTDC4NOoG/ZxU3EvlMPQ==",
      "engines": {
        "node": ">=8"
      }
    },
    "node_modules/mime-db": {
      "version": "1.51.0",
      "resolved": "https://registry.npmjs.org/mime-db/-/mime-db-1.51.0.tgz",
      "integrity": "sha512-5y8A56jg7XVQx2mbv1lu49NR4dokRnhZYTtL+KGfaa27uq4pSTXkwQkFJl4pkRMyNFz/EtYDSkiiEHx3F7UN6g==",
      "peer": true,
      "engines": {
        "node": ">= 0.6"
      }
    },
    "node_modules/mime-types": {
      "version": "2.1.34",
      "resolved": "https://registry.npmjs.org/mime-types/-/mime-types-2.1.34.tgz",
      "integrity": "sha512-6cP692WwGIs9XXdOO4++N+7qjqv0rqxxVvJ3VHPh/Sc9mVZcQP+ZGhkKiTvWMQRr2tbHkJP/Yn7Y0npb3ZBs4A==",
      "peer": true,
      "dependencies": {
        "mime-db": "1.51.0"
      },
      "engines": {
        "node": ">= 0.6"
      }
    },
    "node_modules/node-fetch": {
      "version": "2.6.6",
      "resolved": "https://registry.npmjs.org/node-fetch/-/node-fetch-2.6.6.tgz",
      "integrity": "sha512-Z8/6vRlTUChSdIgMa51jxQ4lrw/Jy5SOW10ObaA47/RElsAN2c5Pn8bTgFGWn/ibwzXTE8qwr1Yzx28vsecXEA==",
      "peer": true,
      "dependencies": {
        "whatwg-url": "^5.0.0"
      },
      "engines": {
        "node": "4.x || >=6.0.0"
      }
    },
    "node_modules/supports-color": {
      "version": "7.2.0",
      "resolved": "https://registry.npmjs.org/supports-color/-/supports-color-7.2.0.tgz",
      "integrity": "sha512-qpCAvRl9stuOHveKsn7HncJRvv501qIacKzQlO/+Lwxc9+0q2wLyv4Dfvt80/DPn2pqOBsJdDiogXGR9+OvwRw==",
      "dependencies": {
        "has-flag": "^4.0.0"
      },
      "engines": {
        "node": ">=8"
      }
    },
    "node_modules/tr46": {
      "version": "0.0.3",
      "resolved": "https://registry.npmjs.org/tr46/-/tr46-0.0.3.tgz",
      "integrity": "sha1-gYT9NH2snNwYWZLzpmIuFLnZq2o=",
      "peer": true
    },
    "node_modules/ts-results": {
      "version": "3.3.0",
      "resolved": "https://registry.npmjs.org/ts-results/-/ts-results-3.3.0.tgz",
      "integrity": "sha512-FWqxGX2NHp5oCyaMd96o2y2uMQmSu8Dey6kvyuFdRJ2AzfmWo3kWa4UsPlCGlfQ/qu03m09ZZtppMoY8EMHuiA=="
    },
    "node_modules/typescript": {
      "version": "4.5.4",
      "resolved": "https://registry.npmjs.org/typescript/-/typescript-4.5.4.tgz",
      "integrity": "sha512-VgYs2A2QIRuGphtzFV7aQJduJ2gyfTljngLzjpfW9FoYZF6xuw1W0vW9ghCKLfcWrCFxK81CSGRAvS1pn4fIUg==",
      "peer": true,
      "bin": {
        "tsc": "bin/tsc",
        "tsserver": "bin/tsserver"
      },
      "engines": {
        "node": ">=4.2.0"
      }
    },
    "node_modules/webidl-conversions": {
      "version": "3.0.1",
      "resolved": "https://registry.npmjs.org/webidl-conversions/-/webidl-conversions-3.0.1.tgz",
      "integrity": "sha1-JFNCdeKnvGvnvIZhHMFq4KVlSHE=",
      "peer": true
    },
    "node_modules/whatwg-url": {
      "version": "5.0.0",
      "resolved": "https://registry.npmjs.org/whatwg-url/-/whatwg-url-5.0.0.tgz",
      "integrity": "sha1-lmRU6HZUYuN2RNNib2dCzotwll0=",
      "peer": true,
      "dependencies": {
        "tr46": "~0.0.3",
        "webidl-conversions": "^3.0.0"
      }
    },
    "node_modules/ws": {
      "version": "7.5.6",
      "resolved": "https://registry.npmjs.org/ws/-/ws-7.5.6.tgz",
      "integrity": "sha512-6GLgCqo2cy2A2rjCNFlxQS6ZljG/coZfZXclldI8FB/1G3CCI36Zd8xy2HrFVACi8tfk5XrgLQEk+P0Tnz9UcA==",
      "peer": true,
      "engines": {
        "node": ">=8.3.0"
      },
      "peerDependencies": {
        "bufferutil": "^4.0.1",
        "utf-8-validate": "^5.0.2"
      },
      "peerDependenciesMeta": {
        "bufferutil": {
          "optional": true
        },
        "utf-8-validate": {
          "optional": true
        }
      }
    }
  },
  "dependencies": {
    "@types/node": {
      "version": "14.18.0",
      "resolved": "https://registry.npmjs.org/@types/node/-/node-14.18.0.tgz",
      "integrity": "sha512-0GeIl2kmVMXEnx8tg1SlG6Gg8vkqirrW752KqolYo1PHevhhZN3bhJ67qHj+bQaINhX0Ra3TlWwRvMCd9iEfNQ==",
      "peer": true
    },
    "@types/node-fetch": {
      "version": "2.5.12",
      "resolved": "https://registry.npmjs.org/@types/node-fetch/-/node-fetch-2.5.12.tgz",
      "integrity": "sha512-MKgC4dlq4kKNa/mYrwpKfzQMB5X3ee5U6fSprkKpToBqBmX4nFZL9cW5jl6sWn+xpRJ7ypWh2yyqqr8UUCstSw==",
      "peer": true,
      "requires": {
        "@types/node": "*",
        "form-data": "^3.0.0"
      }
    },
    "ansi-styles": {
      "version": "4.3.0",
      "resolved": "https://registry.npmjs.org/ansi-styles/-/ansi-styles-4.3.0.tgz",
      "integrity": "sha512-zbB9rCJAT1rbjiVDb2hqKFHNYLxgtk8NURxZ3IZwD3F6NtxbXZQCnnSi1Lkx+IDohdPlFp222wVALIheZJQSEg==",
      "requires": {
        "color-convert": "^2.0.1"
      }
    },
    "asynckit": {
      "version": "0.4.0",
      "resolved": "https://registry.npmjs.org/asynckit/-/asynckit-0.4.0.tgz",
      "integrity": "sha1-x57Zf380y48robyXkLzDZkdLS3k=",
      "peer": true
    },
    "chalk": {
      "version": "4.1.2",
      "resolved": "https://registry.npmjs.org/chalk/-/chalk-4.1.2.tgz",
      "integrity": "sha512-oKnbhFyRIXpUuez8iBMmyEa4nbj4IOQyuhc/wy9kY7/WVPcwIO9VA668Pu8RkO7+0G76SLROeyw9CpQ061i4mA==",
      "requires": {
        "ansi-styles": "^4.1.0",
        "supports-color": "^7.1.0"
      }
    },
    "color-convert": {
      "version": "2.0.1",
      "resolved": "https://registry.npmjs.org/color-convert/-/color-convert-2.0.1.tgz",
      "integrity": "sha512-RRECPsj7iu/xb5oKYcsFHSppFNnsj/52OVTRKb4zP5onXwVF3zVmmToNcOfGC+CRDpfK/U584fMg38ZHCaElKQ==",
      "requires": {
        "color-name": "~1.1.4"
      }
    },
    "color-name": {
      "version": "1.1.4",
      "resolved": "https://registry.npmjs.org/color-name/-/color-name-1.1.4.tgz",
      "integrity": "sha512-dOy+3AuW3a2wNbZHIuMZpTcgjGuLU/uBL/ubcZF9OXbDo8ff4O8yVp5Bf0efS8uEoYo5q4Fx7dY9OgQGXgAsQA=="
    },
    "combined-stream": {
      "version": "1.0.8",
      "resolved": "https://registry.npmjs.org/combined-stream/-/combined-stream-1.0.8.tgz",
      "integrity": "sha512-FQN4MRfuJeHf7cBbBMJFXhKSDq+2kAArBlmRBvcvFE5BB1HZKXtSFASDhdlz9zOYwxh8lDdnvmMOe/+5cdoEdg==",
      "peer": true,
      "requires": {
        "delayed-stream": "~1.0.0"
      }
    },
    "delayed-stream": {
      "version": "1.0.0",
      "resolved": "https://registry.npmjs.org/delayed-stream/-/delayed-stream-1.0.0.tgz",
      "integrity": "sha1-3zrhmayt+31ECqrgsp4icrJOxhk=",
      "peer": true
    },
    "detritus-client": {
      "version": "0.16.3",
      "resolved": "https://registry.npmjs.org/detritus-client/-/detritus-client-0.16.3.tgz",
      "integrity": "sha512-+hwMunnPEvJOazhTFS6BJd25nv3sreLagDhlclPDzwkdwkK++svyiKCnZcEHnhmlSNTjzYcdHL9X7G2d7dOxaA==",
      "peer": true,
      "requires": {
        "@types/node": "^14.17.2",
        "@types/node-fetch": "^2.5.10",
        "detritus-client-rest": "^0.10.5-beta.1",
        "detritus-client-socket": "^0.8.3-beta.0",
        "detritus-utils": "^0.4.0"
      }
    },
    "detritus-client-rest": {
      "version": "0.10.5",
      "resolved": "https://registry.npmjs.org/detritus-client-rest/-/detritus-client-rest-0.10.5.tgz",
      "integrity": "sha512-N5Bx2/Cru6OxwEqACtm4QghAQb/USa7a4OrrxGYQtgJch7/Rey739FdDBUWJexxfRUGG07IZSZmfiaiI5Tidjw==",
      "peer": true,
      "requires": {
        "detritus-rest": "^0.7.0",
        "detritus-utils": "^0.4.0"
      }
    },
    "detritus-client-socket": {
      "version": "0.8.3",
      "resolved": "https://registry.npmjs.org/detritus-client-socket/-/detritus-client-socket-0.8.3.tgz",
      "integrity": "sha512-gMMD5Xo14A69wGxmpAwdQsh5TFaxpjq7LRC6cTWAvs+p34dSiKrU7sBnS+8IsnQt8uvjradhAxKqGkJK2xo6Jg==",
      "peer": true,
      "requires": {
        "@types/node": "^14.17.1",
        "detritus-utils": "^0.4.0",
        "ws": "^7.4.6"
      }
    },
    "detritus-rest": {
      "version": "0.7.0",
      "resolved": "https://registry.npmjs.org/detritus-rest/-/detritus-rest-0.7.0.tgz",
      "integrity": "sha512-T5FNXpyv5F69ZXEz6z8mWo5yiz7Mhrg+HQsZumih/uDeqf3+1AvZgNI4XLscG1D56F0o5DSyXkoOxDgd2oeTgA==",
      "peer": true,
      "requires": {
        "form-data": "^3.0.0",
        "node-fetch": "^2.6.1"
      }
    },
    "detritus-utils": {
      "version": "0.4.0",
      "resolved": "https://registry.npmjs.org/detritus-utils/-/detritus-utils-0.4.0.tgz",
      "integrity": "sha512-XO9crk1eCOecajzOg4WMsvcgXV/3GAltV0nt+kXXmglwcKyh/5DpQ7jmQ/2HycEN0dGBdgLCLPzYMxrWPN9gpw==",
      "peer": true,
      "requires": {}
    },
    "form-data": {
      "version": "3.0.1",
      "resolved": "https://registry.npmjs.org/form-data/-/form-data-3.0.1.tgz",
      "integrity": "sha512-RHkBKtLWUVwd7SqRIvCZMEvAMoGUp0XU+seQiZejj0COz3RI3hWP4sCv3gZWWLjJTd7rGwcsF5eKZGii0r/hbg==",
      "peer": true,
      "requires": {
        "asynckit": "^0.4.0",
        "combined-stream": "^1.0.8",
        "mime-types": "^2.1.12"
      }
    },
    "has-flag": {
      "version": "4.0.0",
      "resolved": "https://registry.npmjs.org/has-flag/-/has-flag-4.0.0.tgz",
      "integrity": "sha512-EykJT/Q1KjTWctppgIAgfSO0tKVuZUjhgMr17kqTumMl6Afv3EISleU7qZUzoXDFTAHTDC4NOoG/ZxU3EvlMPQ=="
    },
    "mime-db": {
      "version": "1.51.0",
      "resolved": "https://registry.npmjs.org/mime-db/-/mime-db-1.51.0.tgz",
      "integrity": "sha512-5y8A56jg7XVQx2mbv1lu49NR4dokRnhZYTtL+KGfaa27uq4pSTXkwQkFJl4pkRMyNFz/EtYDSkiiEHx3F7UN6g==",
      "peer": true
    },
    "mime-types": {
      "version": "2.1.34",
      "resolved": "https://registry.npmjs.org/mime-types/-/mime-types-2.1.34.tgz",
      "integrity": "sha512-6cP692WwGIs9XXdOO4++N+7qjqv0rqxxVvJ3VHPh/Sc9mVZcQP+ZGhkKiTvWMQRr2tbHkJP/Yn7Y0npb3ZBs4A==",
      "peer": true,
      "requires": {
        "mime-db": "1.51.0"
      }
    },
    "node-fetch": {
      "version": "2.6.6",
      "resolved": "https://registry.npmjs.org/node-fetch/-/node-fetch-2.6.6.tgz",
      "integrity": "sha512-Z8/6vRlTUChSdIgMa51jxQ4lrw/Jy5SOW10ObaA47/RElsAN2c5Pn8bTgFGWn/ibwzXTE8qwr1Yzx28vsecXEA==",
      "peer": true,
      "requires": {
        "whatwg-url": "^5.0.0"
      }
    },
    "supports-color": {
      "version": "7.2.0",
      "resolved": "https://registry.npmjs.org/supports-color/-/supports-color-7.2.0.tgz",
      "integrity": "sha512-qpCAvRl9stuOHveKsn7HncJRvv501qIacKzQlO/+Lwxc9+0q2wLyv4Dfvt80/DPn2pqOBsJdDiogXGR9+OvwRw==",
      "requires": {
        "has-flag": "^4.0.0"
      }
    },
    "tr46": {
      "version": "0.0.3",
      "resolved": "https://registry.npmjs.org/tr46/-/tr46-0.0.3.tgz",
      "integrity": "sha1-gYT9NH2snNwYWZLzpmIuFLnZq2o=",
      "peer": true
    },
    "ts-results": {
      "version": "3.3.0",
      "resolved": "https://registry.npmjs.org/ts-results/-/ts-results-3.3.0.tgz",
      "integrity": "sha512-FWqxGX2NHp5oCyaMd96o2y2uMQmSu8Dey6kvyuFdRJ2AzfmWo3kWa4UsPlCGlfQ/qu03m09ZZtppMoY8EMHuiA=="
    },
    "typescript": {
      "version": "4.5.4",
      "resolved": "https://registry.npmjs.org/typescript/-/typescript-4.5.4.tgz",
      "integrity": "sha512-VgYs2A2QIRuGphtzFV7aQJduJ2gyfTljngLzjpfW9FoYZF6xuw1W0vW9ghCKLfcWrCFxK81CSGRAvS1pn4fIUg==",
      "peer": true
    },
    "webidl-conversions": {
      "version": "3.0.1",
      "resolved": "https://registry.npmjs.org/webidl-conversions/-/webidl-conversions-3.0.1.tgz",
      "integrity": "sha1-JFNCdeKnvGvnvIZhHMFq4KVlSHE=",
      "peer": true
    },
    "whatwg-url": {
      "version": "5.0.0",
      "resolved": "https://registry.npmjs.org/whatwg-url/-/whatwg-url-5.0.0.tgz",
      "integrity": "sha1-lmRU6HZUYuN2RNNib2dCzotwll0=",
      "peer": true,
      "requires": {
        "tr46": "~0.0.3",
        "webidl-conversions": "^3.0.0"
      }
    },
    "ws": {
      "version": "7.5.6",
      "resolved": "https://registry.npmjs.org/ws/-/ws-7.5.6.tgz",
      "integrity": "sha512-6GLgCqo2cy2A2rjCNFlxQS6ZljG/coZfZXclldI8FB/1G3CCI36Zd8xy2HrFVACi8tfk5XrgLQEk+P0Tnz9UcA==",
      "peer": true,
      "requires": {}
    }
  }
}
